github.com/gorilla/websocket v1.4.2 h1:+/TMaTYc4QFitKJxsQ7Yye35DkWvkdLcvGKqM+x0Ufc=
github.com/gorilla/websocket v1.4.2/go.mod h1:YR8l580nyteQvAITg2hZ9XVh4b55+EU/adAjf1fMHhE=
github.com/techerfan/panda v0.0.0-20210901060505-56f862a6d787 h1:Kfj+L820KwfzhGMWFylj916M7kJ+mRpK0LgFXHN3ahg=
github.com/techerfan/panda v0.0.0-20210901060505-56f862a6d787/go.mod h1:6wjNtVD/RbiA1pl68dI76T1n+puhnA94gUwKwvVfIDI=
github.com/techerfan/panda v0.0.0-20210901061359-1792c17c57eb h1:0ZgdS31sZp2NO0/aJ85mMcqNYm7nvO9iD0Pt5Ouwuvw=
github.com/techerfan/panda v0.0.0-20210901061359-1792c17c57eb/go.mod h1:6wjNtVD/RbiA1pl68dI76T1n+puhnA94gUwKwvVfIDI=
github.com/techerfan/panda v0.0.0-20210901080531-0724a1c0b04c h1:45P9TwPlTmqM1+qhjuNrgyTAa5wv6olNkgwCy1/xavs=
github.com/techerfan/panda v0.0.0-20210901080531-0724a1c0b04c/go.mod h1:6wjNtVD/RbiA1pl68dI76T1n+puhnA94gUwKwvVfIDI=
github.com/techerfan/panda v0.0.0-20210901082954-9ee775e47e38 h1:++Eems5prZOWUjlR+rfZ0R7FEoIvpplW/vPkb2yb6j4=
github.com/techerfan/panda v0.0.0-20210901082954-9ee775e47e38/go.mod h1:6wjNtVD/RbiA1pl68dI76T1n+puhnA94gUwKwvVfIDI=
github.com/techerfan/panda v0.0.1 h1:P7BWGCVHgd+UuXcER3PNTxAv7ZkEW8aWkn/UL5k5His=
github.com/techerfan/panda v0.0.1/go.mod h1:6wjNtVD/RbiA1pl68dI76T1n+puhnA94gUwKwvVfIDI=
github.com/techerfan/panda v0.0.2 h1:oS0jAk0uPtI4vBNfNjP5N9xwjKt7fXzzJz20zD8gVWY=
github.com/techerfan/panda v0.0.2/go.mod h1:6wjNtVD/RbiA1pl68dI76T1n+puhnA94gUwKwvVfIDI=
github.com/techerfan/panda v0.0.4 h1:ANpyNmRgdxAEsoUasVy0KI9O+GwCTSucHV5rxrMiXMA=
github.com/techerfan/panda v0.0.4/go.mod h1:6wjNtVD/RbiA1pl68dI76T1n+puhnA94gUwKwvVfIDI=
github.com/techerfan/panda v0.0.5 h1:1BwbFYo+vLJVDEarme/i3ApZrO+xx7SbCV7bsI20ZCA=
github.com/techerfan/panda v0.0.5/go.mod h1:6wjNtVD/RbiA1pl68dI76T1n+puhnA94gUwKwvVfIDI=
github.com/techerfan/panda v0.0.6 h1:vZyCwMxUFdjI4zw57qesusqJT+Y0VJESLP5tC6tFbds=
github.com/techerfan/panda v0.0.6/go.mod h1:6wjNtVD/RbiA1pl68dI76T1n+puhnA94gUwKwvVfIDI=
github.com/techerfan/panda v0.0.7 h1:Ngr0lKr/h+cCwKfVSxgNBEtLgISzVeKBTmu0aogIonY=
github.com/techerfan/panda v0.0.7/go.mod h1:6wjNtVD/RbiA1pl68dI76T1n+puhnA94gUwKwvVfIDI=
github.com/techerfan/panda v0.0.8 h1:b+qu9lDBOMxsWZsCp9ll8ad9p9+Mrx4LEnrBSfdBYnw=
github.com/techerfan/panda v0.0.8/go.mod h1:6wjNtVD/RbiA1pl68dI76T1n+puhnA94gUwKwvVfIDI=
github.com/techerfan/panda v0.0.9 h1:E9ojwt0yTRORR+SVxMytVloNibJZOBAAedTy/lPwd+Q=
github.com/techerfan/panda v0.0.9/go.mod h1:6wjNtVD/RbiA1pl68dI76T1n+puhnA94gUwKwvVfIDI=
github.com/techerfan/panda v0.0.10 h1:ndjm9nigP1cynsTI1Kx08dyhNz3u6N8GsZppynKqw98=
github.com/techerfan/panda v0.0.10/go.mod h1:6wjNtVD/RbiA1pl68dI76T1n+puhnA94gUwKwvVfIDI=
github.com/techerfan/panda v0.0.11 h1:6dMyWbp3nuxP2qr0L/vE5d6dlC5cX/pYzJT2ys6MD3c=
github.com/techerfan/panda v0.0.11/go.mod h1:6wjNtVD/RbiA1pl68dI76T1n+puhnA94gUwKwvVfIDI=
github.com/techerfan/panda v0.0.12 h1:AdB8O3MGvnHbERi4i5CfbB+4k+6FZirBHHbNbC+vWiU=
github.com/techerfan/panda v0.0.12/go.mod h1:6wjNtVD/RbiA1pl68dI76T1n+puhnA94gUwKwvVfIDI=
github.com/techerfan/panda v0.0.13 h1:hZiHkRg96BZ7IE3DnttAe+Kdjz7VF8nGwz+xPZFg4rg=
github.com/techerfan/panda v0.0.13/go.mod h1:6wjNtVD/RbiA1pl68dI76T1n+puhnA94gUwKwvVfIDI=
github.com/techerfan/panda v0.1.1 h1:Px0IYePiOrpQfIhOz1U8rihR+jrYQPamkFdMWOWTuZ4=
github.com/techerfan/panda v0.1.1/go.mod h1:6wjNtVD/RbiA1pl68dI76T1n+puhnA94gUwKwvVfIDI=
github.com/techerfan/panda v0.1.2 h1:ktnSoS6eQnV/TrYaoMIBxfhM3h7u+1iEAnWxG3U1Sc8=
github.com/techerfan/panda v0.1.2/go.mod h1:6wjNtVD/RbiA1pl68dI76T1n+puhnA94gUwKwvVfIDI=
github.com/techerfan/panda v0.1.3 h1:muFtXS+l0gEXq5jml7/f4mwgWRh0oUcr4PulZJOUKOg=
github.com/techerfan/panda v0.1.3/go.mod h1:6wjNtVD/RbiA1pl68dI76T1n+puhnA94gUwKwvVfIDI=
github.com/techerfan/panda v0.1.4 h1:zIC5ZAzlsq7m5ar8E/GRbKFIlaT9FlPDHMOqrvlf9E8=
github.com/techerfan/panda v0.1.4/go.mod h1:6wjNtVD/RbiA1pl68dI76T1n+puhnA94gUwKwvVfIDI=
github.com/techerfan/panda v0.1.5 h1:bvEgo7qyh3PeenR5gpPtR3/X1AeBs+oRTp5lRJp0WM4=
github.com/techerfan/panda v0.1.5/go.mod h1:6wjNtVD/RbiA1pl68dI76T1n+puhnA94gUwKwvVfIDI=
github.com/techerfan/panda v0.1.6 h1:iHDFzHerVhz4lxSSGiS7FNhEc4fG4JLLiIyrm4PK9wk=
github.com/techerfan/panda v0.1.6/go.mod h1:6wjNtVD/RbiA1pl68dI76T1n+puhnA94gUwKwvVfIDI=
github.com/techerfan/panda v0.1.8 h1:dRKIQTSQAKgZyMB0fuuHdZSWr33gkZVvHOngtoQ7Zqg=
github.com/techerfan/panda v0.1.8/go.mod h1:6wjNtVD/RbiA1pl68dI76T1n+puhnA94gUwKwvVfIDI=
github.com/techerfan/panda v0.1.9 h1:qzCnw+4GjJ5yEEXW2XQ5lzHoYT29duOn8xO7v/M6re0=
github.com/techerfan/panda v0.1.9/go.mod h1:6wjNtVD/RbiA1pl68dI76T1n+puhnA94gUwKwvVfIDI=
github.com/techerfan/panda v0.1.10 h1:sIuquJQdzGJYZP2yqXhmb7+cJJwQM9iVyglE9q7y298=
github.com/techerfan/panda v0.1.10/go.mod h1:6wjNtVD/RbiA1pl68dI76T1n+puhnA94gUwKwvVfIDI=
github.com/techerfan/panda v0.1.11 h1:/EpzSsoBV7p9NUd3hWxpNa0fF83+Naedmbf2RDFLnkE=
github.com/techerfan/panda v0.1.11/go.mod h1:6wjNtVD/RbiA1pl68dI76T1n+puhnA94gUwKwvVfIDI=
github.com/techerfan/panda v0.1.12 h1:25fnckPbqP8lBMjkvd4oAEnZTVP8GTZxdVwFlSAQYA4=
github.com/techerfan/panda v0.1.12/go.mod h1:6wjNtVD/RbiA1pl68dI76T1n+puhnA94gUwKwvVfIDI=
